# THIS IS AN AUTOGENERATED FILE. DO NOT EDIT THIS FILE DIRECTLY.
# yarn lockfile v1


customize-cra@^1.0.0:
  version "1.0.0"
  resolved "https://registry.yarnpkg.com/customize-cra/-/customize-cra-1.0.0.tgz#73286563631aa08127ad4d30a2e3c89cf4e93c8d"
  integrity sha512-DbtaLuy59224U+xCiukkxSq8clq++MOtJ1Et7LED1fLszWe88EoblEYFBJ895sB1mC6B4uu3xPT/IjClELhMbA==
  dependencies:
    lodash.flow "^3.5.0"

get-user-locale@^1.4.0:
  version "1.4.0"
  resolved "https://registry.yarnpkg.com/get-user-locale/-/get-user-locale-1.4.0.tgz#a2c4b5da46feec9f03c9b07d197b1620490a5370"
  integrity sha512-gQo03lP1OArHLKlnoglqrGGl7b04u2EP9Xutmp72cMdtrrSD7ZgIsCsUKZynYWLDkVJW33Cj3pliP7uP0UonHQ==
  dependencies:
    lodash.once "^4.1.1"

lodash.flow@^3.5.0:
  version "3.5.0"
  resolved "https://registry.yarnpkg.com/lodash.flow/-/lodash.flow-3.5.0.tgz#87bf40292b8cf83e4e8ce1a3ae4209e20071675a"
  integrity sha512-ff3BX/tSioo+XojX4MOsOMhJw0nZoUEF011LX8g8d3gvjVbxd89cCio4BCXronjxcTUIJUoqKEUA+n4CqvvRPw==

lodash.once@^4.1.1:
  version "4.1.1"
  resolved "https://registry.yarnpkg.com/lodash.once/-/lodash.once-4.1.1.tgz#0dd3971213c7c56df880977d504c88fb471a97ac"
  integrity sha512-Sb487aTOCr9drQVL8pIxOzVhafOjZN9UU54hiN8PU3uAiSV7lx1yYNpbNmex2PK6dSJoNTSJUUswT651yww3Mg==
