{
  "name": "dobugs-apps",
  "version": "1.0.0",
  "lockfileVersion": 2,
  "requires": true,
  "packages": {
    "": {
      "name": "dobugs-apps",
      "version": "1.0.0",
      "license": "ISC",
      "dependencies": {
        "load-script": "^2.0.0",
        "lodash": "^4.17.21"
      }
    },
    "node_modules/load-script": {
      "version": "2.0.0",
      "resolved": "https://registry.npmjs.org/load-script/-/load-script-2.0.0.tgz",
      "integrity": "sha512-km6cyoPW4rM22JMGb+SHUKPMZVDpUaMpMAKrv8UHWllIxc/qjgMGHD91nY+5hM+/NFs310OZ2pqQeJKs7HqWPA=="
    },
    "node_modules/lodash": {
      "version": "4.17.21",
      "resolved": "https://registry.npmjs.org/lodash/-/lodash-4.17.21.tgz",
      "integrity": "sha512-v2kDEe57lecTulaDIuNTPy3Ry4gLGJ6Z1O3vE1krgXZNrsQ+LFTGHVxVjcXPs17LhbZVGedAJv8XZ1tvj5FvSg=="
    }
  },
  "dependencies": {
    "load-script": {
      "version": "2.0.0",
      "resolved": "https://registry.npmjs.org/load-script/-/load-script-2.0.0.tgz",
      "integrity": "sha512-km6cyoPW4rM22JMGb+SHUKPMZVDpUaMpMAKrv8UHWllIxc/qjgMGHD91nY+5hM+/NFs310OZ2pqQeJKs7HqWPA=="
    },
    "lodash": {
      "version": "4.17.21",
      "resolved": "https://registry.npmjs.org/lodash/-/lodash-4.17.21.tgz",
      "integrity": "sha512-v2kDEe57lecTulaDIuNTPy3Ry4gLGJ6Z1O3vE1krgXZNrsQ+LFTGHVxVjcXPs17LhbZVGedAJv8XZ1tvj5FvSg=="
    }
  }
}
